# THIS IS AN AUTOGENERATED FILE. DO NOT EDIT THIS FILE DIRECTLY.
# yarn lockfile v1


assemblyscript@^0.20.6:
  version "0.20.6"
  resolved "https://registry.yarnpkg.com/assemblyscript/-/assemblyscript-0.20.6.tgz#5aafcc6b627d66068b5cc2b8785023509178e628"
  integrity sha512-gnMhJYoJnVR01EXcYKvty8sPS3Di67gBivKe8HzVcwlvwW3PNlrQ6x7T3o4l24bvamkbKxFLTsmwgX4HtjRw5g==
  dependencies:
    binaryen "106.0.0-nightly.20220320"
    long "^5.2.0"

binaryen@106.0.0-nightly.20220320:
  version "106.0.0-nightly.20220320"
  resolved "https://registry.yarnpkg.com/binaryen/-/binaryen-106.0.0-nightly.20220320.tgz#ee74538fae5fdcef8b5eba1ae0cd62dcead6aa5d"
  integrity sha512-9Jzp9aOJ2uk2+viAiPr6+wi1BZKlxO4paTVm481RUEq3PIY63kdw78JoThrROt1s1qpCMuz0Oml6YqPJ7tep4w==

long@^5.2.0:
  version "5.2.0"
  resolved "https://registry.yarnpkg.com/long/-/long-5.2.0.tgz#2696dadf4b4da2ce3f6f6b89186085d94d52fd61"
  integrity sha512-9RTUNjK60eJbx3uz+TEGF7fUr29ZDxR5QzXcyDpeSfeH28S9ycINflOgOlppit5U+4kNTe83KQnMEerw7GmE8w==
